// !$*UTF8*$!
{
	archiveVersion = 1;
	classes = {
	};
	objectVersion = 46;
	objects = {

/* Begin PBXBuildFile section */
		E90FF872196AA14700D9F359 /* RegisterViewController.m in Sources */ = {isa = PBXBuildFile; fileRef = E90FF871196AA14700D9F359 /* RegisterViewController.m */; };
		E90FF875196AA23400D9F359 /* InfoFiewViewController.m in Sources */ = {isa = PBXBuildFile; fileRef = E90FF874196AA23400D9F359 /* InfoFiewViewController.m */; };
		E90FF879196AC81B00D9F359 /* VerifyTeacherViewController.m in Sources */ = {isa = PBXBuildFile; fileRef = E90FF878196AC81B00D9F359 /* VerifyTeacherViewController.m */; };
		E917FD381968A4B400096727 /* SettingsTeacherViewController.m in Sources */ = {isa = PBXBuildFile; fileRef = E917FD371968A4B400096727 /* SettingsTeacherViewController.m */; };
		E920E7281978303000635FBD /* MapViewController.m in Sources */ = {isa = PBXBuildFile; fileRef = E920E7271978303000635FBD /* MapViewController.m */; };
		E920E72A197831BE00635FBD /* MapKit.framework in Frameworks */ = {isa = PBXBuildFile; fileRef = E920E729197831BE00635FBD /* MapKit.framework */; };
		E92A15D01978475000510FB9 /* Localization.m in Sources */ = {isa = PBXBuildFile; fileRef = E92A15CF1978475000510FB9 /* Localization.m */; };
		E92C52D419653AD500BADBA7 /* BTViewControllerTableViewController.m in Sources */ = {isa = PBXBuildFile; fileRef = E92C52D319653AD500BADBA7 /* BTViewControllerTableViewController.m */; };
		E92C52D819653B9B00BADBA7 /* Beacon.m in Sources */ = {isa = PBXBuildFile; fileRef = E92C52D719653B9B00BADBA7 /* Beacon.m */; };
		E92C52DB1965444800BADBA7 /* BTCellTableViewCell.m in Sources */ = {isa = PBXBuildFile; fileRef = E92C52DA1965444800BADBA7 /* BTCellTableViewCell.m */; };
		E9336E1D19680BD500FBE395 /* CoreLocation.framework in Frameworks */ = {isa = PBXBuildFile; fileRef = E9336E1C19680BD500FBE395 /* CoreLocation.framework */; };
		E9336E2819680D4200FBE395 /* libEstimoteSDK.a in Frameworks */ = {isa = PBXBuildFile; fileRef = E9336E2719680D4200FBE395 /* libEstimoteSDK.a */; };
		E9383AD51975CF0200DE5689 /* AdSupport.framework in Frameworks */ = {isa = PBXBuildFile; fileRef = E9383AD41975CF0200DE5689 /* AdSupport.framework */; };
		E944B4F119645291008B6B23 /* Foundation.framework in Frameworks */ = {isa = PBXBuildFile; fileRef = E944B4F019645291008B6B23 /* Foundation.framework */; };
		E944B4F319645291008B6B23 /* CoreGraphics.framework in Frameworks */ = {isa = PBXBuildFile; fileRef = E944B4F219645291008B6B23 /* CoreGraphics.framework */; };
		E944B4F519645291008B6B23 /* UIKit.framework in Frameworks */ = {isa = PBXBuildFile; fileRef = E944B4F419645291008B6B23 /* UIKit.framework */; };
		E944B4FB19645291008B6B23 /* InfoPlist.strings in Resources */ = {isa = PBXBuildFile; fileRef = E944B4F919645291008B6B23 /* InfoPlist.strings */; };
		E944B4FD19645291008B6B23 /* main.m in Sources */ = {isa = PBXBuildFile; fileRef = E944B4FC19645291008B6B23 /* main.m */; };
		E944B50119645291008B6B23 /* AppDelegate.m in Sources */ = {isa = PBXBuildFile; fileRef = E944B50019645291008B6B23 /* AppDelegate.m */; };
		E944B50419645291008B6B23 /* Main_iPhone.storyboard in Resources */ = {isa = PBXBuildFile; fileRef = E944B50219645291008B6B23 /* Main_iPhone.storyboard */; };
		E944B50719645291008B6B23 /* Main_iPad.storyboard in Resources */ = {isa = PBXBuildFile; fileRef = E944B50519645291008B6B23 /* Main_iPad.storyboard */; };
		E944B50A19645291008B6B23 /* ViewController.m in Sources */ = {isa = PBXBuildFile; fileRef = E944B50919645291008B6B23 /* ViewController.m */; };
		E944B50C19645291008B6B23 /* Images.xcassets in Resources */ = {isa = PBXBuildFile; fileRef = E944B50B19645291008B6B23 /* Images.xcassets */; };
		E944B51319645291008B6B23 /* XCTest.framework in Frameworks */ = {isa = PBXBuildFile; fileRef = E944B51219645291008B6B23 /* XCTest.framework */; };
		E944B51419645291008B6B23 /* Foundation.framework in Frameworks */ = {isa = PBXBuildFile; fileRef = E944B4F019645291008B6B23 /* Foundation.framework */; };
		E944B51519645291008B6B23 /* UIKit.framework in Frameworks */ = {isa = PBXBuildFile; fileRef = E944B4F419645291008B6B23 /* UIKit.framework */; };
		E944B51D19645291008B6B23 /* InfoPlist.strings in Resources */ = {isa = PBXBuildFile; fileRef = E944B51B19645291008B6B23 /* InfoPlist.strings */; };
		E944B51F19645291008B6B23 /* BTTests.m in Sources */ = {isa = PBXBuildFile; fileRef = E944B51E19645291008B6B23 /* BTTests.m */; };
		E944B55D196453FF008B6B23 /* ASIAuthenticationDialog.m in Sources */ = {isa = PBXBuildFile; fileRef = E944B52A196453FF008B6B23 /* ASIAuthenticationDialog.m */; settings = {COMPILER_FLAGS = "-fno-objc-arc"; }; };
		E944B55E196453FF008B6B23 /* ASIDataCompressor.m in Sources */ = {isa = PBXBuildFile; fileRef = E944B52D196453FF008B6B23 /* ASIDataCompressor.m */; settings = {COMPILER_FLAGS = "-fno-objc-arc"; }; };
		E944B55F196453FF008B6B23 /* ASIDataDecompressor.m in Sources */ = {isa = PBXBuildFile; fileRef = E944B52F196453FF008B6B23 /* ASIDataDecompressor.m */; settings = {COMPILER_FLAGS = "-fno-objc-arc"; }; };
		E944B560196453FF008B6B23 /* ASIDownloadCache.m in Sources */ = {isa = PBXBuildFile; fileRef = E944B531196453FF008B6B23 /* ASIDownloadCache.m */; settings = {COMPILER_FLAGS = "-fno-objc-arc"; }; };
		E944B561196453FF008B6B23 /* ASIFormDataRequest.m in Sources */ = {isa = PBXBuildFile; fileRef = E944B533196453FF008B6B23 /* ASIFormDataRequest.m */; settings = {COMPILER_FLAGS = "-fno-objc-arc"; }; };
		E944B562196453FF008B6B23 /* ASIHTTPRequest.m in Sources */ = {isa = PBXBuildFile; fileRef = E944B535196453FF008B6B23 /* ASIHTTPRequest.m */; settings = {COMPILER_FLAGS = "-fno-objc-arc"; }; };
		E944B563196453FF008B6B23 /* ASIInputStream.m in Sources */ = {isa = PBXBuildFile; fileRef = E944B539196453FF008B6B23 /* ASIInputStream.m */; settings = {COMPILER_FLAGS = "-fno-objc-arc"; }; };
		E944B564196453FF008B6B23 /* ASINetworkQueue.m in Sources */ = {isa = PBXBuildFile; fileRef = E944B53B196453FF008B6B23 /* ASINetworkQueue.m */; settings = {COMPILER_FLAGS = "-fno-objc-arc"; }; };
		E944B565196453FF008B6B23 /* NSObject+SBJson.m in Sources */ = {isa = PBXBuildFile; fileRef = E944B53F196453FF008B6B23 /* NSObject+SBJson.m */; };
		E944B566196453FF008B6B23 /* SBJsonParser.m in Sources */ = {isa = PBXBuildFile; fileRef = E944B542196453FF008B6B23 /* SBJsonParser.m */; };
		E944B567196453FF008B6B23 /* SBJsonStreamParser.m in Sources */ = {isa = PBXBuildFile; fileRef = E944B544196453FF008B6B23 /* SBJsonStreamParser.m */; };
		E944B568196453FF008B6B23 /* SBJsonStreamParserAccumulator.m in Sources */ = {isa = PBXBuildFile; fileRef = E944B546196453FF008B6B23 /* SBJsonStreamParserAccumulator.m */; };
		E944B569196453FF008B6B23 /* SBJsonStreamParserAdapter.m in Sources */ = {isa = PBXBuildFile; fileRef = E944B548196453FF008B6B23 /* SBJsonStreamParserAdapter.m */; };
		E944B56A196453FF008B6B23 /* SBJsonStreamParserState.m in Sources */ = {isa = PBXBuildFile; fileRef = E944B54A196453FF008B6B23 /* SBJsonStreamParserState.m */; };
		E944B56B196453FF008B6B23 /* SBJsonStreamWriter.m in Sources */ = {isa = PBXBuildFile; fileRef = E944B54C196453FF008B6B23 /* SBJsonStreamWriter.m */; };
		E944B56C196453FF008B6B23 /* SBJsonStreamWriterAccumulator.m in Sources */ = {isa = PBXBuildFile; fileRef = E944B54E196453FF008B6B23 /* SBJsonStreamWriterAccumulator.m */; };
		E944B56D196453FF008B6B23 /* SBJsonStreamWriterState.m in Sources */ = {isa = PBXBuildFile; fileRef = E944B550196453FF008B6B23 /* SBJsonStreamWriterState.m */; };
		E944B56E196453FF008B6B23 /* SBJsonTokeniser.m in Sources */ = {isa = PBXBuildFile; fileRef = E944B552196453FF008B6B23 /* SBJsonTokeniser.m */; };
		E944B56F196453FF008B6B23 /* SBJsonUTF8Stream.m in Sources */ = {isa = PBXBuildFile; fileRef = E944B554196453FF008B6B23 /* SBJsonUTF8Stream.m */; };
		E944B570196453FF008B6B23 /* SBJsonWriter.m in Sources */ = {isa = PBXBuildFile; fileRef = E944B556196453FF008B6B23 /* SBJsonWriter.m */; };
		E944B571196453FF008B6B23 /* MBProgressHUD.m in Sources */ = {isa = PBXBuildFile; fileRef = E944B559196453FF008B6B23 /* MBProgressHUD.m */; };
		E944B572196453FF008B6B23 /* Reachability.m in Sources */ = {isa = PBXBuildFile; fileRef = E944B55C196453FF008B6B23 /* Reachability.m */; };
		E944B5741964541D008B6B23 /* libz.1.2.5.dylib in Frameworks */ = {isa = PBXBuildFile; fileRef = E944B5731964541D008B6B23 /* libz.1.2.5.dylib */; };
		E944B57619645426008B6B23 /* MobileCoreServices.framework in Frameworks */ = {isa = PBXBuildFile; fileRef = E944B57519645426008B6B23 /* MobileCoreServices.framework */; };
		E944B5781964542B008B6B23 /* SystemConfiguration.framework in Frameworks */ = {isa = PBXBuildFile; fileRef = E944B5771964542B008B6B23 /* SystemConfiguration.framework */; };
		E944B57A19645433008B6B23 /* CFNetwork.framework in Frameworks */ = {isa = PBXBuildFile; fileRef = E944B57919645433008B6B23 /* CFNetwork.framework */; };
		E944B57C19645437008B6B23 /* CoreBluetooth.framework in Frameworks */ = {isa = PBXBuildFile; fileRef = E944B57B19645437008B6B23 /* CoreBluetooth.framework */; };
		E9D46FB0197EBD9A0042BD76 /* SetHistoryPlace.m in Sources */ = {isa = PBXBuildFile; fileRef = E9D46FAF197EBD9A0042BD76 /* SetHistoryPlace.m */; };
		E9FE78151965A8480014BBE2 /* MainViewController.m in Sources */ = {isa = PBXBuildFile; fileRef = E9FE78141965A8480014BBE2 /* MainViewController.m */; };
		E9FE78191965A9D60014BBE2 /* MainAccessViewController.m in Sources */ = {isa = PBXBuildFile; fileRef = E9FE78181965A9D60014BBE2 /* MainAccessViewController.m */; };
		E9FE781D1965B85C0014BBE2 /* SettingsStudentViewController.m in Sources */ = {isa = PBXBuildFile; fileRef = E9FE781C1965B85C0014BBE2 /* SettingsStudentViewController.m */; };
		E9FF3C241965586B00E2DE6A /* SettingsViewController.m in Sources */ = {isa = PBXBuildFile; fileRef = E9FF3C231965586A00E2DE6A /* SettingsViewController.m */; };
/* End PBXBuildFile section */

/* Begin PBXContainerItemProxy section */
		E944B51619645291008B6B23 /* PBXContainerItemProxy */ = {
			isa = PBXContainerItemProxy;
			containerPortal = E944B4E519645291008B6B23 /* Project object */;
			proxyType = 1;
			remoteGlobalIDString = E944B4EC19645291008B6B23;
			remoteInfo = BT;
		};
/* End PBXContainerItemProxy section */

/* Begin PBXFileReference section */
		E90FF870196AA14700D9F359 /* RegisterViewController.h */ = {isa = PBXFileReference; fileEncoding = 4; lastKnownFileType = sourcecode.c.h; name = RegisterViewController.h; path = Access/RegisterViewController.h; sourceTree = "<group>"; };
		E90FF871196AA14700D9F359 /* RegisterViewController.m */ = {isa = PBXFileReference; fileEncoding = 4; lastKnownFileType = sourcecode.c.objc; name = RegisterViewController.m; path = Access/RegisterViewController.m; sourceTree = "<group>"; };
		E90FF873196AA23400D9F359 /* InfoFiewViewController.h */ = {isa = PBXFileReference; fileEncoding = 4; lastKnownFileType = sourcecode.c.h; name = InfoFiewViewController.h; path = Info/InfoFiewViewController.h; sourceTree = "<group>"; };
		E90FF874196AA23400D9F359 /* InfoFiewViewController.m */ = {isa = PBXFileReference; fileEncoding = 4; lastKnownFileType = sourcecode.c.objc; name = InfoFiewViewController.m; path = Info/InfoFiewViewController.m; sourceTree = "<group>"; };
		E90FF876196AC62C00D9F359 /* Connection.h */ = {isa = PBXFileReference; lastKnownFileType = sourcecode.c.h; path = Connection.h; sourceTree = "<group>"; };
		E90FF877196AC81B00D9F359 /* VerifyTeacherViewController.h */ = {isa = PBXFileReference; fileEncoding = 4; lastKnownFileType = sourcecode.c.h; name = VerifyTeacherViewController.h; path = Access/VerifyTeacherViewController.h; sourceTree = "<group>"; };
		E90FF878196AC81B00D9F359 /* VerifyTeacherViewController.m */ = {isa = PBXFileReference; fileEncoding = 4; lastKnownFileType = sourcecode.c.objc; name = VerifyTeacherViewController.m; path = Access/VerifyTeacherViewController.m; sourceTree = "<group>"; };
		E917FD361968A4B400096727 /* SettingsTeacherViewController.h */ = {isa = PBXFileReference; fileEncoding = 4; lastKnownFileType = sourcecode.c.h; name = SettingsTeacherViewController.h; path = Settings/SettingsTeacherViewController.h; sourceTree = "<group>"; };
		E917FD371968A4B400096727 /* SettingsTeacherViewController.m */ = {isa = PBXFileReference; fileEncoding = 4; lastKnownFileType = sourcecode.c.objc; name = SettingsTeacherViewController.m; path = Settings/SettingsTeacherViewController.m; sourceTree = "<group>"; };
		E920E7261978303000635FBD /* MapViewController.h */ = {isa = PBXFileReference; fileEncoding = 4; lastKnownFileType = sourcecode.c.h; name = MapViewController.h; path = Map/MapViewController.h; sourceTree = "<group>"; };
		E920E7271978303000635FBD /* MapViewController.m */ = {isa = PBXFileReference; fileEncoding = 4; lastKnownFileType = sourcecode.c.objc; name = MapViewController.m; path = Map/MapViewController.m; sourceTree = "<group>"; };
		E920E729197831BE00635FBD /* MapKit.framework */ = {isa = PBXFileReference; lastKnownFileType = wrapper.framework; name = MapKit.framework; path = System/Library/Frameworks/MapKit.framework; sourceTree = SDKROOT; };
		E92A15CE1978475000510FB9 /* Localization.h */ = {isa = PBXFileReference; fileEncoding = 4; lastKnownFileType = sourcecode.c.h; name = Localization.h; path = Main/Localization.h; sourceTree = "<group>"; };
		E92A15CF1978475000510FB9 /* Localization.m */ = {isa = PBXFileReference; fileEncoding = 4; lastKnownFileType = sourcecode.c.objc; name = Localization.m; path = Main/Localization.m; sourceTree = "<group>"; };
		E92C52D219653AD500BADBA7 /* BTViewControllerTableViewController.h */ = {isa = PBXFileReference; fileEncoding = 4; lastKnownFileType = sourcecode.c.h; name = BTViewControllerTableViewController.h; path = BTData/BTViewControllerTableViewController.h; sourceTree = "<group>"; };
		E92C52D319653AD500BADBA7 /* BTViewControllerTableViewController.m */ = {isa = PBXFileReference; fileEncoding = 4; lastKnownFileType = sourcecode.c.objc; name = BTViewControllerTableViewController.m; path = BTData/BTViewControllerTableViewController.m; sourceTree = "<group>"; };
		E92C52D619653B9B00BADBA7 /* Beacon.h */ = {isa = PBXFileReference; fileEncoding = 4; lastKnownFileType = sourcecode.c.h; name = Beacon.h; path = BTData/Beacon.h; sourceTree = "<group>"; };
		E92C52D719653B9B00BADBA7 /* Beacon.m */ = {isa = PBXFileReference; fileEncoding = 4; lastKnownFileType = sourcecode.c.objc; name = Beacon.m; path = BTData/Beacon.m; sourceTree = "<group>"; };
		E92C52D91965444800BADBA7 /* BTCellTableViewCell.h */ = {isa = PBXFileReference; fileEncoding = 4; lastKnownFileType = sourcecode.c.h; name = BTCellTableViewCell.h; path = BTData/BTCellTableViewCell.h; sourceTree = "<group>"; };
		E92C52DA1965444800BADBA7 /* BTCellTableViewCell.m */ = {isa = PBXFileReference; fileEncoding = 4; lastKnownFileType = sourcecode.c.objc; name = BTCellTableViewCell.m; path = BTData/BTCellTableViewCell.m; sourceTree = "<group>"; };
		E9336E1C19680BD500FBE395 /* CoreLocation.framework */ = {isa = PBXFileReference; lastKnownFileType = wrapper.framework; name = CoreLocation.framework; path = System/Library/Frameworks/CoreLocation.framework; sourceTree = SDKROOT; };
		E9336E2019680D4200FBE395 /* ESTBeacon.h */ = {isa = PBXFileReference; fileEncoding = 4; lastKnownFileType = sourcecode.c.h; path = ESTBeacon.h; sourceTree = "<group>"; };
		E9336E2119680D4200FBE395 /* ESTBeaconDefinitions.h */ = {isa = PBXFileReference; fileEncoding = 4; lastKnownFileType = sourcecode.c.h; path = ESTBeaconDefinitions.h; sourceTree = "<group>"; };
		E9336E2219680D4200FBE395 /* ESTBeaconFirmwareInfoVO.h */ = {isa = PBXFileReference; fileEncoding = 4; lastKnownFileType = sourcecode.c.h; path = ESTBeaconFirmwareInfoVO.h; sourceTree = "<group>"; };
		E9336E2319680D4200FBE395 /* ESTBeaconFirmwareVO.h */ = {isa = PBXFileReference; fileEncoding = 4; lastKnownFileType = sourcecode.c.h; path = ESTBeaconFirmwareVO.h; sourceTree = "<group>"; };
		E9336E2419680D4200FBE395 /* ESTBeaconManager.h */ = {isa = PBXFileReference; fileEncoding = 4; lastKnownFileType = sourcecode.c.h; path = ESTBeaconManager.h; sourceTree = "<group>"; };
		E9336E2519680D4200FBE395 /* ESTBeaconRegion.h */ = {isa = PBXFileReference; fileEncoding = 4; lastKnownFileType = sourcecode.c.h; path = ESTBeaconRegion.h; sourceTree = "<group>"; };
		E9336E2619680D4200FBE395 /* ESTBeaconVO.h */ = {isa = PBXFileReference; fileEncoding = 4; lastKnownFileType = sourcecode.c.h; path = ESTBeaconVO.h; sourceTree = "<group>"; };
		E9336E2719680D4200FBE395 /* libEstimoteSDK.a */ = {isa = PBXFileReference; lastKnownFileType = archive.ar; path = libEstimoteSDK.a; sourceTree = "<group>"; };
		E9383AD41975CF0200DE5689 /* AdSupport.framework */ = {isa = PBXFileReference; lastKnownFileType = wrapper.framework; name = AdSupport.framework; path = System/Library/Frameworks/AdSupport.framework; sourceTree = SDKROOT; };
		E944B4ED19645291008B6B23 /* BT.app */ = {isa = PBXFileReference; explicitFileType = wrapper.application; includeInIndex = 0; path = BT.app; sourceTree = BUILT_PRODUCTS_DIR; };
		E944B4F019645291008B6B23 /* Foundation.framework */ = {isa = PBXFileReference; lastKnownFileType = wrapper.framework; name = Foundation.framework; path = System/Library/Frameworks/Foundation.framework; sourceTree = SDKROOT; };
		E944B4F219645291008B6B23 /* CoreGraphics.framework */ = {isa = PBXFileReference; lastKnownFileType = wrapper.framework; name = CoreGraphics.framework; path = System/Library/Frameworks/CoreGraphics.framework; sourceTree = SDKROOT; };
		E944B4F419645291008B6B23 /* UIKit.framework */ = {isa = PBXFileReference; lastKnownFileType = wrapper.framework; name = UIKit.framework; path = System/Library/Frameworks/UIKit.framework; sourceTree = SDKROOT; };
		E944B4F819645291008B6B23 /* BT-Info.plist */ = {isa = PBXFileReference; lastKnownFileType = text.plist.xml; path = "BT-Info.plist"; sourceTree = "<group>"; };
		E944B4FA19645291008B6B23 /* en */ = {isa = PBXFileReference; lastKnownFileType = text.plist.strings; name = en; path = en.lproj/InfoPlist.strings; sourceTree = "<group>"; };
		E944B4FC19645291008B6B23 /* main.m */ = {isa = PBXFileReference; lastKnownFileType = sourcecode.c.objc; path = main.m; sourceTree = "<group>"; };
		E944B4FE19645291008B6B23 /* BT-Prefix.pch */ = {isa = PBXFileReference; lastKnownFileType = sourcecode.c.h; path = "BT-Prefix.pch"; sourceTree = "<group>"; };
		E944B4FF19645291008B6B23 /* AppDelegate.h */ = {isa = PBXFileReference; lastKnownFileType = sourcecode.c.h; path = AppDelegate.h; sourceTree = "<group>"; };
		E944B50019645291008B6B23 /* AppDelegate.m */ = {isa = PBXFileReference; lastKnownFileType = sourcecode.c.objc; path = AppDelegate.m; sourceTree = "<group>"; };
		E944B50319645291008B6B23 /* Base */ = {isa = PBXFileReference; lastKnownFileType = file.storyboard; name = Base; path = Base.lproj/Main_iPhone.storyboard; sourceTree = "<group>"; };
		E944B50619645291008B6B23 /* Base */ = {isa = PBXFileReference; lastKnownFileType = file.storyboard; name = Base; path = Base.lproj/Main_iPad.storyboard; sourceTree = "<group>"; };
		E944B50819645291008B6B23 /* ViewController.h */ = {isa = PBXFileReference; lastKnownFileType = sourcecode.c.h; path = ViewController.h; sourceTree = "<group>"; };
		E944B50919645291008B6B23 /* ViewController.m */ = {isa = PBXFileReference; lastKnownFileType = sourcecode.c.objc; path = ViewController.m; sourceTree = "<group>"; };
		E944B50B19645291008B6B23 /* Images.xcassets */ = {isa = PBXFileReference; lastKnownFileType = folder.assetcatalog; path = Images.xcassets; sourceTree = "<group>"; };
		E944B51119645291008B6B23 /* BTTests.xctest */ = {isa = PBXFileReference; explicitFileType = wrapper.cfbundle; includeInIndex = 0; path = BTTests.xctest; sourceTree = BUILT_PRODUCTS_DIR; };
		E944B51219645291008B6B23 /* XCTest.framework */ = {isa = PBXFileReference; lastKnownFileType = wrapper.framework; name = XCTest.framework; path = Library/Frameworks/XCTest.framework; sourceTree = DEVELOPER_DIR; };
		E944B51A19645291008B6B23 /* BTTests-Info.plist */ = {isa = PBXFileReference; lastKnownFileType = text.plist.xml; path = "BTTests-Info.plist"; sourceTree = "<group>"; };
		E944B51C19645291008B6B23 /* en */ = {isa = PBXFileReference; lastKnownFileType = text.plist.strings; name = en; path = en.lproj/InfoPlist.strings; sourceTree = "<group>"; };
		E944B51E19645291008B6B23 /* BTTests.m */ = {isa = PBXFileReference; lastKnownFileType = sourcecode.c.objc; path = BTTests.m; sourceTree = "<group>"; };
		E944B529196453FF008B6B23 /* ASIAuthenticationDialog.h */ = {isa = PBXFileReference; fileEncoding = 4; lastKnownFileType = sourcecode.c.h; path = ASIAuthenticationDialog.h; sourceTree = "<group>"; };
		E944B52A196453FF008B6B23 /* ASIAuthenticationDialog.m */ = {isa = PBXFileReference; fileEncoding = 4; lastKnownFileType = sourcecode.c.objc; path = ASIAuthenticationDialog.m; sourceTree = "<group>"; };
		E944B52B196453FF008B6B23 /* ASICacheDelegate.h */ = {isa = PBXFileReference; fileEncoding = 4; lastKnownFileType = sourcecode.c.h; path = ASICacheDelegate.h; sourceTree = "<group>"; };
		E944B52C196453FF008B6B23 /* ASIDataCompressor.h */ = {isa = PBXFileReference; fileEncoding = 4; lastKnownFileType = sourcecode.c.h; path = ASIDataCompressor.h; sourceTree = "<group>"; };
		E944B52D196453FF008B6B23 /* ASIDataCompressor.m */ = {isa = PBXFileReference; fileEncoding = 4; lastKnownFileType = sourcecode.c.objc; path = ASIDataCompressor.m; sourceTree = "<group>"; };
		E944B52E196453FF008B6B23 /* ASIDataDecompressor.h */ = {isa = PBXFileReference; fileEncoding = 4; lastKnownFileType = sourcecode.c.h; path = ASIDataDecompressor.h; sourceTree = "<group>"; };
		E944B52F196453FF008B6B23 /* ASIDataDecompressor.m */ = {isa = PBXFileReference; fileEncoding = 4; lastKnownFileType = sourcecode.c.objc; path = ASIDataDecompressor.m; sourceTree = "<group>"; };
		E944B530196453FF008B6B23 /* ASIDownloadCache.h */ = {isa = PBXFileReference; fileEncoding = 4; lastKnownFileType = sourcecode.c.h; path = ASIDownloadCache.h; sourceTree = "<group>"; };
		E944B531196453FF008B6B23 /* ASIDownloadCache.m */ = {isa = PBXFileReference; fileEncoding = 4; lastKnownFileType = sourcecode.c.objc; path = ASIDownloadCache.m; sourceTree = "<group>"; };
		E944B532196453FF008B6B23 /* ASIFormDataRequest.h */ = {isa = PBXFileReference; fileEncoding = 4; lastKnownFileType = sourcecode.c.h; path = ASIFormDataRequest.h; sourceTree = "<group>"; };
		E944B533196453FF008B6B23 /* ASIFormDataRequest.m */ = {isa = PBXFileReference; fileEncoding = 4; lastKnownFileType = sourcecode.c.objc; path = ASIFormDataRequest.m; sourceTree = "<group>"; };
		E944B534196453FF008B6B23 /* ASIHTTPRequest.h */ = {isa = PBXFileReference; fileEncoding = 4; lastKnownFileType = sourcecode.c.h; path = ASIHTTPRequest.h; sourceTree = "<group>"; };
		E944B535196453FF008B6B23 /* ASIHTTPRequest.m */ = {isa = PBXFileReference; fileEncoding = 4; lastKnownFileType = sourcecode.c.objc; path = ASIHTTPRequest.m; sourceTree = "<group>"; };
		E944B536196453FF008B6B23 /* ASIHTTPRequestConfig.h */ = {isa = PBXFileReference; fileEncoding = 4; lastKnownFileType = sourcecode.c.h; path = ASIHTTPRequestConfig.h; sourceTree = "<group>"; };
		E944B537196453FF008B6B23 /* ASIHTTPRequestDelegate.h */ = {isa = PBXFileReference; fileEncoding = 4; lastKnownFileType = sourcecode.c.h; path = ASIHTTPRequestDelegate.h; sourceTree = "<group>"; };
		E944B538196453FF008B6B23 /* ASIInputStream.h */ = {isa = PBXFileReference; fileEncoding = 4; lastKnownFileType = sourcecode.c.h; path = ASIInputStream.h; sourceTree = "<group>"; };
		E944B539196453FF008B6B23 /* ASIInputStream.m */ = {isa = PBXFileReference; fileEncoding = 4; lastKnownFileType = sourcecode.c.objc; path = ASIInputStream.m; sourceTree = "<group>"; };
		E944B53A196453FF008B6B23 /* ASINetworkQueue.h */ = {isa = PBXFileReference; fileEncoding = 4; lastKnownFileType = sourcecode.c.h; path = ASINetworkQueue.h; sourceTree = "<group>"; };
		E944B53B196453FF008B6B23 /* ASINetworkQueue.m */ = {isa = PBXFileReference; fileEncoding = 4; lastKnownFileType = sourcecode.c.objc; path = ASINetworkQueue.m; sourceTree = "<group>"; };
		E944B53C196453FF008B6B23 /* ASIProgressDelegate.h */ = {isa = PBXFileReference; fileEncoding = 4; lastKnownFileType = sourcecode.c.h; path = ASIProgressDelegate.h; sourceTree = "<group>"; };
		E944B53E196453FF008B6B23 /* NSObject+SBJson.h */ = {isa = PBXFileReference; fileEncoding = 4; lastKnownFileType = sourcecode.c.h; path = "NSObject+SBJson.h"; sourceTree = "<group>"; };
		E944B53F196453FF008B6B23 /* NSObject+SBJson.m */ = {isa = PBXFileReference; fileEncoding = 4; lastKnownFileType = sourcecode.c.objc; path = "NSObject+SBJson.m"; sourceTree = "<group>"; };
		E944B540196453FF008B6B23 /* SBJson.h */ = {isa = PBXFileReference; fileEncoding = 4; lastKnownFileType = sourcecode.c.h; path = SBJson.h; sourceTree = "<group>"; };
		E944B541196453FF008B6B23 /* SBJsonParser.h */ = {isa = PBXFileReference; fileEncoding = 4; lastKnownFileType = sourcecode.c.h; path = SBJsonParser.h; sourceTree = "<group>"; };
		E944B542196453FF008B6B23 /* SBJsonParser.m */ = {isa = PBXFileReference; fileEncoding = 4; lastKnownFileType = sourcecode.c.objc; path = SBJsonParser.m; sourceTree = "<group>"; };
		E944B543196453FF008B6B23 /* SBJsonStreamParser.h */ = {isa = PBXFileReference; fileEncoding = 4; lastKnownFileType = sourcecode.c.h; path = SBJsonStreamParser.h; sourceTree = "<group>"; };
		E944B544196453FF008B6B23 /* SBJsonStreamParser.m */ = {isa = PBXFileReference; fileEncoding = 4; lastKnownFileType = sourcecode.c.objc; path = SBJsonStreamParser.m; sourceTree = "<group>"; };
		E944B545196453FF008B6B23 /* SBJsonStreamParserAccumulator.h */ = {isa = PBXFileReference; fileEncoding = 4; lastKnownFileType = sourcecode.c.h; path = SBJsonStreamParserAccumulator.h; sourceTree = "<group>"; };
		E944B546196453FF008B6B23 /* SBJsonStreamParserAccumulator.m */ = {isa = PBXFileReference; fileEncoding = 4; lastKnownFileType = sourcecode.c.objc; path = SBJsonStreamParserAccumulator.m; sourceTree = "<group>"; };
		E944B547196453FF008B6B23 /* SBJsonStreamParserAdapter.h */ = {isa = PBXFileReference; fileEncoding = 4; lastKnownFileType = sourcecode.c.h; path = SBJsonStreamParserAdapter.h; sourceTree = "<group>"; };
		E944B548196453FF008B6B23 /* SBJsonStreamParserAdapter.m */ = {isa = PBXFileReference; fileEncoding = 4; lastKnownFileType = sourcecode.c.objc; path = SBJsonStreamParserAdapter.m; sourceTree = "<group>"; };
		E944B549196453FF008B6B23 /* SBJsonStreamParserState.h */ = {isa = PBXFileReference; fileEncoding = 4; lastKnownFileType = sourcecode.c.h; path = SBJsonStreamParserState.h; sourceTree = "<group>"; };
		E944B54A196453FF008B6B23 /* SBJsonStreamParserState.m */ = {isa = PBXFileReference; fileEncoding = 4; lastKnownFileType = sourcecode.c.objc; path = SBJsonStreamParserState.m; sourceTree = "<group>"; };
		E944B54B196453FF008B6B23 /* SBJsonStreamWriter.h */ = {isa = PBXFileReference; fileEncoding = 4; lastKnownFileType = sourcecode.c.h; path = SBJsonStreamWriter.h; sourceTree = "<group>"; };
		E944B54C196453FF008B6B23 /* SBJsonStreamWriter.m */ = {isa = PBXFileReference; fileEncoding = 4; lastKnownFileType = sourcecode.c.objc; path = SBJsonStreamWriter.m; sourceTree = "<group>"; };
		E944B54D196453FF008B6B23 /* SBJsonStreamWriterAccumulator.h */ = {isa = PBXFileReference; fileEncoding = 4; lastKnownFileType = sourcecode.c.h; path = SBJsonStreamWriterAccumulator.h; sourceTree = "<group>"; };
		E944B54E196453FF008B6B23 /* SBJsonStreamWriterAccumulator.m */ = {isa = PBXFileReference; fileEncoding = 4; lastKnownFileType = sourcecode.c.objc; path = SBJsonStreamWriterAccumulator.m; sourceTree = "<group>"; };
		E944B54F196453FF008B6B23 /* SBJsonStreamWriterState.h */ = {isa = PBXFileReference; fileEncoding = 4; lastKnownFileType = sourcecode.c.h; path = SBJsonStreamWriterState.h; sourceTree = "<group>"; };
		E944B550196453FF008B6B23 /* SBJsonStreamWriterState.m */ = {isa = PBXFileReference; fileEncoding = 4; lastKnownFileType = sourcecode.c.objc; path = SBJsonStreamWriterState.m; sourceTree = "<group>"; };
		E944B551196453FF008B6B23 /* SBJsonTokeniser.h */ = {isa = PBXFileReference; fileEncoding = 4; lastKnownFileType = sourcecode.c.h; path = SBJsonTokeniser.h; sourceTree = "<group>"; };
		E944B552196453FF008B6B23 /* SBJsonTokeniser.m */ = {isa = PBXFileReference; fileEncoding = 4; lastKnownFileType = sourcecode.c.objc; path = SBJsonTokeniser.m; sourceTree = "<group>"; };
		E944B553196453FF008B6B23 /* SBJsonUTF8Stream.h */ = {isa = PBXFileReference; fileEncoding = 4; lastKnownFileType = sourcecode.c.h; path = SBJsonUTF8Stream.h; sourceTree = "<group>"; };
		E944B554196453FF008B6B23 /* SBJsonUTF8Stream.m */ = {isa = PBXFileReference; fileEncoding = 4; lastKnownFileType = sourcecode.c.objc; path = SBJsonUTF8Stream.m; sourceTree = "<group>"; };
		E944B555196453FF008B6B23 /* SBJsonWriter.h */ = {isa = PBXFileReference; fileEncoding = 4; lastKnownFileType = sourcecode.c.h; path = SBJsonWriter.h; sourceTree = "<group>"; };
		E944B556196453FF008B6B23 /* SBJsonWriter.m */ = {isa = PBXFileReference; fileEncoding = 4; lastKnownFileType = sourcecode.c.objc; path = SBJsonWriter.m; sourceTree = "<group>"; };
		E944B558196453FF008B6B23 /* MBProgressHUD.h */ = {isa = PBXFileReference; fileEncoding = 4; lastKnownFileType = sourcecode.c.h; path = MBProgressHUD.h; sourceTree = "<group>"; };
		E944B559196453FF008B6B23 /* MBProgressHUD.m */ = {isa = PBXFileReference; fileEncoding = 4; lastKnownFileType = sourcecode.c.objc; path = MBProgressHUD.m; sourceTree = "<group>"; };
		E944B55B196453FF008B6B23 /* Reachability.h */ = {isa = PBXFileReference; fileEncoding = 4; lastKnownFileType = sourcecode.c.h; path = Reachability.h; sourceTree = "<group>"; };
		E944B55C196453FF008B6B23 /* Reachability.m */ = {isa = PBXFileReference; fileEncoding = 4; lastKnownFileType = sourcecode.c.objc; path = Reachability.m; sourceTree = "<group>"; };
		E944B5731964541D008B6B23 /* libz.1.2.5.dylib */ = {isa = PBXFileReference; lastKnownFileType = "compiled.mach-o.dylib"; name = libz.1.2.5.dylib; path = usr/lib/libz.1.2.5.dylib; sourceTree = SDKROOT; };
		E944B57519645426008B6B23 /* MobileCoreServices.framework */ = {isa = PBXFileReference; lastKnownFileType = wrapper.framework; name = MobileCoreServices.framework; path = System/Library/Frameworks/MobileCoreServices.framework; sourceTree = SDKROOT; };
		E944B5771964542B008B6B23 /* SystemConfiguration.framework */ = {isa = PBXFileReference; lastKnownFileType = wrapper.framework; name = SystemConfiguration.framework; path = System/Library/Frameworks/SystemConfiguration.framework; sourceTree = SDKROOT; };
		E944B57919645433008B6B23 /* CFNetwork.framework */ = {isa = PBXFileReference; lastKnownFileType = wrapper.framework; name = CFNetwork.framework; path = System/Library/Frameworks/CFNetwork.framework; sourceTree = SDKROOT; };
		E944B57B19645437008B6B23 /* CoreBluetooth.framework */ = {isa = PBXFileReference; lastKnownFileType = wrapper.framework; name = CoreBluetooth.framework; path = System/Library/Frameworks/CoreBluetooth.framework; sourceTree = SDKROOT; };
		E9D46FAE197EBD9A0042BD76 /* SetHistoryPlace.h */ = {isa = PBXFileReference; fileEncoding = 4; lastKnownFileType = sourcecode.c.h; name = SetHistoryPlace.h; path = Map/SetHistoryPlace.h; sourceTree = "<group>"; };
		E9D46FAF197EBD9A0042BD76 /* SetHistoryPlace.m */ = {isa = PBXFileReference; fileEncoding = 4; lastKnownFileType = sourcecode.c.objc; name = SetHistoryPlace.m; path = Map/SetHistoryPlace.m; sourceTree = "<group>"; };
		E9F3B998196592E60057B1C1 /* SERVICES.h */ = {isa = PBXFileReference; lastKnownFileType = sourcecode.c.h; path = SERVICES.h; sourceTree = "<group>"; };
		E9FE78131965A8480014BBE2 /* MainViewController.h */ = {isa = PBXFileReference; fileEncoding = 4; lastKnownFileType = sourcecode.c.h; name = MainViewController.h; path = Main/MainViewController.h; sourceTree = "<group>"; };
		E9FE78141965A8480014BBE2 /* MainViewController.m */ = {isa = PBXFileReference; fileEncoding = 4; lastKnownFileType = sourcecode.c.objc; name = MainViewController.m; path = Main/MainViewController.m; sourceTree = "<group>"; };
		E9FE78171965A9D60014BBE2 /* MainAccessViewController.h */ = {isa = PBXFileReference; fileEncoding = 4; lastKnownFileType = sourcecode.c.h; name = MainAccessViewController.h; path = Access/MainAccessViewController.h; sourceTree = "<group>"; };
		E9FE78181965A9D60014BBE2 /* MainAccessViewController.m */ = {isa = PBXFileReference; fileEncoding = 4; lastKnownFileType = sourcecode.c.objc; name = MainAccessViewController.m; path = Access/MainAccessViewController.m; sourceTree = "<group>"; };
		E9FE781B1965B85C0014BBE2 /* SettingsStudentViewController.h */ = {isa = PBXFileReference; fileEncoding = 4; lastKnownFileType = sourcecode.c.h; name = SettingsStudentViewController.h; path = Settings/SettingsStudentViewController.h; sourceTree = "<group>"; };
		E9FE781C1965B85C0014BBE2 /* SettingsStudentViewController.m */ = {isa = PBXFileReference; fileEncoding = 4; lastKnownFileType = sourcecode.c.objc; name = SettingsStudentViewController.m; path = Settings/SettingsStudentViewController.m; sourceTree = "<group>"; };
		E9FF3C221965586A00E2DE6A /* SettingsViewController.h */ = {isa = PBXFileReference; fileEncoding = 4; lastKnownFileType = sourcecode.c.h; name = SettingsViewController.h; path = Settings/SettingsViewController.h; sourceTree = "<group>"; };
		E9FF3C231965586A00E2DE6A /* SettingsViewController.m */ = {isa = PBXFileReference; fileEncoding = 4; lastKnownFileType = sourcecode.c.objc; name = SettingsViewController.m; path = Settings/SettingsViewController.m; sourceTree = "<group>"; };
/* End PBXFileReference section */

/* Begin PBXFrameworksBuildPhase section */
		E944B4EA19645291008B6B23 /* Frameworks */ = {
			isa = PBXFrameworksBuildPhase;
			buildActionMask = 2147483647;
			files = (
				E920E72A197831BE00635FBD /* MapKit.framework in Frameworks */,
				E9383AD51975CF0200DE5689 /* AdSupport.framework in Frameworks */,
				E9336E2819680D4200FBE395 /* libEstimoteSDK.a in Frameworks */,
				E9336E1D19680BD500FBE395 /* CoreLocation.framework in Frameworks */,
				E944B57C19645437008B6B23 /* CoreBluetooth.framework in Frameworks */,
				E944B57A19645433008B6B23 /* CFNetwork.framework in Frameworks */,
				E944B5781964542B008B6B23 /* SystemConfiguration.framework in Frameworks */,
				E944B57619645426008B6B23 /* MobileCoreServices.framework in Frameworks */,
				E944B5741964541D008B6B23 /* libz.1.2.5.dylib in Frameworks */,
				E944B4F319645291008B6B23 /* CoreGraphics.framework in Frameworks */,
				E944B4F519645291008B6B23 /* UIKit.framework in Frameworks */,
				E944B4F119645291008B6B23 /* Foundation.framework in Frameworks */,
			);
			runOnlyForDeploymentPostprocessing = 0;
		};
		E944B50E19645291008B6B23 /* Frameworks */ = {
			isa = PBXFrameworksBuildPhase;
			buildActionMask = 2147483647;
			files = (
				E944B51319645291008B6B23 /* XCTest.framework in Frameworks */,
				E944B51519645291008B6B23 /* UIKit.framework in Frameworks */,
				E944B51419645291008B6B23 /* Foundation.framework in Frameworks */,
			);
			runOnlyForDeploymentPostprocessing = 0;
		};
/* End PBXFrameworksBuildPhase section */

/* Begin PBXGroup section */
		E917FD321968A1DD00096727 /* Teacher */ = {
			isa = PBXGroup;
			children = (
				E917FD361968A4B400096727 /* SettingsTeacherViewController.h */,
				E917FD371968A4B400096727 /* SettingsTeacherViewController.m */,
			);
			name = Teacher;
			sourceTree = "<group>";
		};
		E920E7251978301700635FBD /* Map */ = {
			isa = PBXGroup;
			children = (
				E920E7261978303000635FBD /* MapViewController.h */,
				E920E7271978303000635FBD /* MapViewController.m */,
				E9D46FAE197EBD9A0042BD76 /* SetHistoryPlace.h */,
				E9D46FAF197EBD9A0042BD76 /* SetHistoryPlace.m */,
			);
			name = Map;
			sourceTree = "<group>";
		};
		E92C52D519653ADC00BADBA7 /* BTData */ = {
			isa = PBXGroup;
			children = (
				E92C52D219653AD500BADBA7 /* BTViewControllerTableViewController.h */,
				E92C52D319653AD500BADBA7 /* BTViewControllerTableViewController.m */,
				E92C52D619653B9B00BADBA7 /* Beacon.h */,
				E92C52D719653B9B00BADBA7 /* Beacon.m */,
				E92C52D91965444800BADBA7 /* BTCellTableViewCell.h */,
				E92C52DA1965444800BADBA7 /* BTCellTableViewCell.m */,
			);
			name = BTData;
			sourceTree = "<group>";
		};
		E9336E1E19680D4200FBE395 /* EstimoteSDK */ = {
			isa = PBXGroup;
			children = (
				E9336E1F19680D4200FBE395 /* Headers */,
				E9336E2719680D4200FBE395 /* libEstimoteSDK.a */,
			);
			path = EstimoteSDK;
			sourceTree = "<group>";
		};
		E9336E1F19680D4200FBE395 /* Headers */ = {
			isa = PBXGroup;
			children = (
				E9336E2019680D4200FBE395 /* ESTBeacon.h */,
				E9336E2119680D4200FBE395 /* ESTBeaconDefinitions.h */,
				E9336E2219680D4200FBE395 /* ESTBeaconFirmwareInfoVO.h */,
				E9336E2319680D4200FBE395 /* ESTBeaconFirmwareVO.h */,
				E9336E2419680D4200FBE395 /* ESTBeaconManager.h */,
				E9336E2519680D4200FBE395 /* ESTBeaconRegion.h */,
				E9336E2619680D4200FBE395 /* ESTBeaconVO.h */,
			);
			path = Headers;
			sourceTree = "<group>";
		};
		E9336E2919682BE900FBE395 /* Info */ = {
			isa = PBXGroup;
			children = (
				E90FF873196AA23400D9F359 /* InfoFiewViewController.h */,
				E90FF874196AA23400D9F359 /* InfoFiewViewController.m */,
			);
			name = Info;
			sourceTree = "<group>";
		};
		E944B4E419645291008B6B23 = {
			isa = PBXGroup;
			children = (
				E920E7251978301700635FBD /* Map */,
				E9336E2919682BE900FBE395 /* Info */,
				E9336E1E19680D4200FBE395 /* EstimoteSDK */,
				E9FE78161965A9BB0014BBE2 /* Access */,
				E9FE78121965A8270014BBE2 /* Main */,
				E9FF3C1B19654A0300E2DE6A /* Settings */,
				E92C52D519653ADC00BADBA7 /* BTData */,
				E944B528196453FF008B6B23 /* ASIHTTPRequest */,
				E944B53D196453FF008B6B23 /* JSON */,
				E944B557196453FF008B6B23 /* MBProgressHUD */,
				E944B55A196453FF008B6B23 /* Reachability */,
				E944B4F619645291008B6B23 /* BT */,
				E944B51819645291008B6B23 /* BTTests */,
				E944B4EF19645291008B6B23 /* Frameworks */,
				E944B4EE19645291008B6B23 /* Products */,
			);
			sourceTree = "<group>";
		};
		E944B4EE19645291008B6B23 /* Products */ = {
			isa = PBXGroup;
			children = (
				E944B4ED19645291008B6B23 /* BT.app */,
				E944B51119645291008B6B23 /* BTTests.xctest */,
			);
			name = Products;
			sourceTree = "<group>";
		};
		E944B4EF19645291008B6B23 /* Frameworks */ = {
			isa = PBXGroup;
			children = (
				E920E729197831BE00635FBD /* MapKit.framework */,
				E9383AD41975CF0200DE5689 /* AdSupport.framework */,
				E9336E1C19680BD500FBE395 /* CoreLocation.framework */,
				E944B57B19645437008B6B23 /* CoreBluetooth.framework */,
				E944B57919645433008B6B23 /* CFNetwork.framework */,
				E944B5771964542B008B6B23 /* SystemConfiguration.framework */,
				E944B57519645426008B6B23 /* MobileCoreServices.framework */,
				E944B5731964541D008B6B23 /* libz.1.2.5.dylib */,
				E944B4F019645291008B6B23 /* Foundation.framework */,
				E944B4F219645291008B6B23 /* CoreGraphics.framework */,
				E944B4F419645291008B6B23 /* UIKit.framework */,
				E944B51219645291008B6B23 /* XCTest.framework */,
			);
			name = Frameworks;
			sourceTree = "<group>";
		};
		E944B4F619645291008B6B23 /* BT */ = {
			isa = PBXGroup;
			children = (
				E9F3B998196592E60057B1C1 /* SERVICES.h */,
				E944B4FF19645291008B6B23 /* AppDelegate.h */,
				E944B50019645291008B6B23 /* AppDelegate.m */,
				E944B50219645291008B6B23 /* Main_iPhone.storyboard */,
				E944B50519645291008B6B23 /* Main_iPad.storyboard */,
				E944B50819645291008B6B23 /* ViewController.h */,
				E944B50919645291008B6B23 /* ViewController.m */,
				E944B50B19645291008B6B23 /* Images.xcassets */,
				E944B4F719645291008B6B23 /* Supporting Files */,
				E90FF876196AC62C00D9F359 /* Connection.h */,
			);
			path = BT;
			sourceTree = "<group>";
		};
		E944B4F719645291008B6B23 /* Supporting Files */ = {
			isa = PBXGroup;
			children = (
				E944B4F819645291008B6B23 /* BT-Info.plist */,
				E944B4F919645291008B6B23 /* InfoPlist.strings */,
				E944B4FC19645291008B6B23 /* main.m */,
				E944B4FE19645291008B6B23 /* BT-Prefix.pch */,
			);
			name = "Supporting Files";
			sourceTree = "<group>";
		};
		E944B51819645291008B6B23 /* BTTests */ = {
			isa = PBXGroup;
			children = (
				E944B51E19645291008B6B23 /* BTTests.m */,
				E944B51919645291008B6B23 /* Supporting Files */,
			);
			path = BTTests;
			sourceTree = "<group>";
		};
		E944B51919645291008B6B23 /* Supporting Files */ = {
			isa = PBXGroup;
			children = (
				E944B51A19645291008B6B23 /* BTTests-Info.plist */,
				E944B51B19645291008B6B23 /* InfoPlist.strings */,
			);
			name = "Supporting Files";
			sourceTree = "<group>";
		};
		E944B528196453FF008B6B23 /* ASIHTTPRequest */ = {
			isa = PBXGroup;
			children = (
				E944B529196453FF008B6B23 /* ASIAuthenticationDialog.h */,
				E944B52A196453FF008B6B23 /* ASIAuthenticationDialog.m */,
				E944B52B196453FF008B6B23 /* ASICacheDelegate.h */,
				E944B52C196453FF008B6B23 /* ASIDataCompressor.h */,
				E944B52D196453FF008B6B23 /* ASIDataCompressor.m */,
				E944B52E196453FF008B6B23 /* ASIDataDecompressor.h */,
				E944B52F196453FF008B6B23 /* ASIDataDecompressor.m */,
				E944B530196453FF008B6B23 /* ASIDownloadCache.h */,
				E944B531196453FF008B6B23 /* ASIDownloadCache.m */,
				E944B532196453FF008B6B23 /* ASIFormDataRequest.h */,
				E944B533196453FF008B6B23 /* ASIFormDataRequest.m */,
				E944B534196453FF008B6B23 /* ASIHTTPRequest.h */,
				E944B535196453FF008B6B23 /* ASIHTTPRequest.m */,
				E944B536196453FF008B6B23 /* ASIHTTPRequestConfig.h */,
				E944B537196453FF008B6B23 /* ASIHTTPRequestDelegate.h */,
				E944B538196453FF008B6B23 /* ASIInputStream.h */,
				E944B539196453FF008B6B23 /* ASIInputStream.m */,
				E944B53A196453FF008B6B23 /* ASINetworkQueue.h */,
				E944B53B196453FF008B6B23 /* ASINetworkQueue.m */,
				E944B53C196453FF008B6B23 /* ASIProgressDelegate.h */,
			);
			path = ASIHTTPRequest;
			sourceTree = "<group>";
		};
		E944B53D196453FF008B6B23 /* JSON */ = {
			isa = PBXGroup;
			children = (
				E944B53E196453FF008B6B23 /* NSObject+SBJson.h */,
				E944B53F196453FF008B6B23 /* NSObject+SBJson.m */,
				E944B540196453FF008B6B23 /* SBJson.h */,
				E944B541196453FF008B6B23 /* SBJsonParser.h */,
				E944B542196453FF008B6B23 /* SBJsonParser.m */,
				E944B543196453FF008B6B23 /* SBJsonStreamParser.h */,
				E944B544196453FF008B6B23 /* SBJsonStreamParser.m */,
				E944B545196453FF008B6B23 /* SBJsonStreamParserAccumulator.h */,
				E944B546196453FF008B6B23 /* SBJsonStreamParserAccumulator.m */,
				E944B547196453FF008B6B23 /* SBJsonStreamParserAdapter.h */,
				E944B548196453FF008B6B23 /* SBJsonStreamParserAdapter.m */,
				E944B549196453FF008B6B23 /* SBJsonStreamParserState.h */,
				E944B54A196453FF008B6B23 /* SBJsonStreamParserState.m */,
				E944B54B196453FF008B6B23 /* SBJsonStreamWriter.h */,
				E944B54C196453FF008B6B23 /* SBJsonStreamWriter.m */,
				E944B54D196453FF008B6B23 /* SBJsonStreamWriterAccumulator.h */,
				E944B54E196453FF008B6B23 /* SBJsonStreamWriterAccumulator.m */,
				E944B54F196453FF008B6B23 /* SBJsonStreamWriterState.h */,
				E944B550196453FF008B6B23 /* SBJsonStreamWriterState.m */,
				E944B551196453FF008B6B23 /* SBJsonTokeniser.h */,
				E944B552196453FF008B6B23 /* SBJsonTokeniser.m */,
				E944B553196453FF008B6B23 /* SBJsonUTF8Stream.h */,
				E944B554196453FF008B6B23 /* SBJsonUTF8Stream.m */,
				E944B555196453FF008B6B23 /* SBJsonWriter.h */,
				E944B556196453FF008B6B23 /* SBJsonWriter.m */,
			);
			path = JSON;
			sourceTree = "<group>";
		};
		E944B557196453FF008B6B23 /* MBProgressHUD */ = {
			isa = PBXGroup;
			children = (
				E944B558196453FF008B6B23 /* MBProgressHUD.h */,
				E944B559196453FF008B6B23 /* MBProgressHUD.m */,
			);
			path = MBProgressHUD;
			sourceTree = "<group>";
		};
		E944B55A196453FF008B6B23 /* Reachability */ = {
			isa = PBXGroup;
			children = (
				E944B55B196453FF008B6B23 /* Reachability.h */,
				E944B55C196453FF008B6B23 /* Reachability.m */,
			);
			path = Reachability;
			sourceTree = "<group>";
		};
		E9FE78121965A8270014BBE2 /* Main */ = {
			isa = PBXGroup;
			children = (
				E9FE78131965A8480014BBE2 /* MainViewController.h */,
				E9FE78141965A8480014BBE2 /* MainViewController.m */,
				E92A15CE1978475000510FB9 /* Localization.h */,
				E92A15CF1978475000510FB9 /* Localization.m */,
			);
			name = Main;
			sourceTree = "<group>";
		};
		E9FE78161965A9BB0014BBE2 /* Access */ = {
			isa = PBXGroup;
			children = (
				E9FE78171965A9D60014BBE2 /* MainAccessViewController.h */,
				E9FE78181965A9D60014BBE2 /* MainAccessViewController.m */,
				E90FF870196AA14700D9F359 /* RegisterViewController.h */,
				E90FF871196AA14700D9F359 /* RegisterViewController.m */,
				E90FF877196AC81B00D9F359 /* VerifyTeacherViewController.h */,
				E90FF878196AC81B00D9F359 /* VerifyTeacherViewController.m */,
			);
			name = Access;
			sourceTree = "<group>";
		};
		E9FE781A1965B8040014BBE2 /* Student */ = {
			isa = PBXGroup;
			children = (
				E9FE781B1965B85C0014BBE2 /* SettingsStudentViewController.h */,
				E9FE781C1965B85C0014BBE2 /* SettingsStudentViewController.m */,
			);
			name = Student;
			sourceTree = "<group>";
		};
		E9FF3C1B19654A0300E2DE6A /* Settings */ = {
			isa = PBXGroup;
			children = (
				E917FD321968A1DD00096727 /* Teacher */,
				E9FE781A1965B8040014BBE2 /* Student */,
				E9FF3C221965586A00E2DE6A /* SettingsViewController.h */,
				E9FF3C231965586A00E2DE6A /* SettingsViewController.m */,
			);
			name = Settings;
			sourceTree = "<group>";
		};
/* End PBXGroup section */

/* Begin PBXNativeTarget section */
		E944B4EC19645291008B6B23 /* BT */ = {
			isa = PBXNativeTarget;
			buildConfigurationList = E944B52219645291008B6B23 /* Build configuration list for PBXNativeTarget "BT" */;
			buildPhases = (
				E944B4E919645291008B6B23 /* Sources */,
				E944B4EA19645291008B6B23 /* Frameworks */,
				E944B4EB19645291008B6B23 /* Resources */,
			);
			buildRules = (
			);
			dependencies = (
			);
			name = BT;
			productName = BT;
			productReference = E944B4ED19645291008B6B23 /* BT.app */;
			productType = "com.apple.product-type.application";
		};
		E944B51019645291008B6B23 /* BTTests */ = {
			isa = PBXNativeTarget;
			buildConfigurationList = E944B52519645291008B6B23 /* Build configuration list for PBXNativeTarget "BTTests" */;
			buildPhases = (
				E944B50D19645291008B6B23 /* Sources */,
				E944B50E19645291008B6B23 /* Frameworks */,
				E944B50F19645291008B6B23 /* Resources */,
			);
			buildRules = (
			);
			dependencies = (
				E944B51719645291008B6B23 /* PBXTargetDependency */,
			);
			name = BTTests;
			productName = BTTests;
			productReference = E944B51119645291008B6B23 /* BTTests.xctest */;
			productType = "com.apple.product-type.bundle.unit-test";
		};
/* End PBXNativeTarget section */

/* Begin PBXProject section */
		E944B4E519645291008B6B23 /* Project object */ = {
			isa = PBXProject;
			attributes = {
				LastUpgradeCheck = 0510;
				ORGANIZATIONNAME = LGBS;
				TargetAttributes = {
					E944B51019645291008B6B23 = {
						TestTargetID = E944B4EC19645291008B6B23;
					};
				};
			};
			buildConfigurationList = E944B4E819645291008B6B23 /* Build configuration list for PBXProject "BT" */;
			compatibilityVersion = "Xcode 3.2";
			developmentRegion = English;
			hasScannedForEncodings = 0;
			knownRegions = (
				en,
				Base,
			);
			mainGroup = E944B4E419645291008B6B23;
			productRefGroup = E944B4EE19645291008B6B23 /* Products */;
			projectDirPath = "";
			projectRoot = "";
			targets = (
				E944B4EC19645291008B6B23 /* BT */,
				E944B51019645291008B6B23 /* BTTests */,
			);
		};
/* End PBXProject section */

/* Begin PBXResourcesBuildPhase section */
		E944B4EB19645291008B6B23 /* Resources */ = {
			isa = PBXResourcesBuildPhase;
			buildActionMask = 2147483647;
			files = (
				E944B50719645291008B6B23 /* Main_iPad.storyboard in Resources */,
				E944B50C19645291008B6B23 /* Images.xcassets in Resources */,
				E944B50419645291008B6B23 /* Main_iPhone.storyboard in Resources */,
				E944B4FB19645291008B6B23 /* InfoPlist.strings in Resources */,
			);
			runOnlyForDeploymentPostprocessing = 0;
		};
		E944B50F19645291008B6B23 /* Resources */ = {
			isa = PBXResourcesBuildPhase;
			buildActionMask = 2147483647;
			files = (
				E944B51D19645291008B6B23 /* InfoPlist.strings in Resources */,
			);
			runOnlyForDeploymentPostprocessing = 0;
		};
/* End PBXResourcesBuildPhase section */

/* Begin PBXSourcesBuildPhase section */
		E944B4E919645291008B6B23 /* Sources */ = {
			isa = PBXSourcesBuildPhase;
			buildActionMask = 2147483647;
			files = (
				E944B55E196453FF008B6B23 /* ASIDataCompressor.m in Sources */,
				E92C52DB1965444800BADBA7 /* BTCellTableViewCell.m in Sources */,
				E920E7281978303000635FBD /* MapViewController.m in Sources */,
				E944B570196453FF008B6B23 /* SBJsonWriter.m in Sources */,
				E944B56B196453FF008B6B23 /* SBJsonStreamWriter.m in Sources */,
				E944B56E196453FF008B6B23 /* SBJsonTokeniser.m in Sources */,
				E944B572196453FF008B6B23 /* Reachability.m in Sources */,
				E944B56C196453FF008B6B23 /* SBJsonStreamWriterAccumulator.m in Sources */,
				E92C52D819653B9B00BADBA7 /* Beacon.m in Sources */,
				E944B50A19645291008B6B23 /* ViewController.m in Sources */,
				E944B562196453FF008B6B23 /* ASIHTTPRequest.m in Sources */,
				E944B571196453FF008B6B23 /* MBProgressHUD.m in Sources */,
				E9FE78191965A9D60014BBE2 /* MainAccessViewController.m in Sources */,
				E944B55D196453FF008B6B23 /* ASIAuthenticationDialog.m in Sources */,
				E944B56A196453FF008B6B23 /* SBJsonStreamParserState.m in Sources */,
				E944B566196453FF008B6B23 /* SBJsonParser.m in Sources */,
				E944B568196453FF008B6B23 /* SBJsonStreamParserAccumulator.m in Sources */,
				E90FF875196AA23400D9F359 /* InfoFiewViewController.m in Sources */,
				E944B56D196453FF008B6B23 /* SBJsonStreamWriterState.m in Sources */,
				E944B561196453FF008B6B23 /* ASIFormDataRequest.m in Sources */,
				E944B50119645291008B6B23 /* AppDelegate.m in Sources */,
				E92C52D419653AD500BADBA7 /* BTViewControllerTableViewController.m in Sources */,
				E944B563196453FF008B6B23 /* ASIInputStream.m in Sources */,
				E944B4FD19645291008B6B23 /* main.m in Sources */,
				E944B56F196453FF008B6B23 /* SBJsonUTF8Stream.m in Sources */,
				E917FD381968A4B400096727 /* SettingsTeacherViewController.m in Sources */,
				E90FF872196AA14700D9F359 /* RegisterViewController.m in Sources */,
				E9FE78151965A8480014BBE2 /* MainViewController.m in Sources */,
				E944B564196453FF008B6B23 /* ASINetworkQueue.m in Sources */,
				E944B55F196453FF008B6B23 /* ASIDataDecompressor.m in Sources */,
				E92A15D01978475000510FB9 /* Localization.m in Sources */,
				E9D46FB0197EBD9A0042BD76 /* SetHistoryPlace.m in Sources */,
				E944B567196453FF008B6B23 /* SBJsonStreamParser.m in Sources */,
				E944B565196453FF008B6B23 /* NSObject+SBJson.m in Sources */,
				E9FF3C241965586B00E2DE6A /* SettingsViewController.m in Sources */,
				E90FF879196AC81B00D9F359 /* VerifyTeacherViewController.m in Sources */,
				E944B560196453FF008B6B23 /* ASIDownloadCache.m in Sources */,
				E9FE781D1965B85C0014BBE2 /* SettingsStudentViewController.m in Sources */,
				E944B569196453FF008B6B23 /* SBJsonStreamParserAdapter.m in Sources */,
			);
			runOnlyForDeploymentPostprocessing = 0;
		};
		E944B50D19645291008B6B23 /* Sources */ = {
			isa = PBXSourcesBuildPhase;
			buildActionMask = 2147483647;
			files = (
				E944B51F19645291008B6B23 /* BTTests.m in Sources */,
			);
			runOnlyForDeploymentPostprocessing = 0;
		};
/* End PBXSourcesBuildPhase section */

/* Begin PBXTargetDependency section */
		E944B51719645291008B6B23 /* PBXTargetDependency */ = {
			isa = PBXTargetDependency;
			target = E944B4EC19645291008B6B23 /* BT */;
			targetProxy = E944B51619645291008B6B23 /* PBXContainerItemProxy */;
		};
/* End PBXTargetDependency section */

/* Begin PBXVariantGroup section */
		E944B4F919645291008B6B23 /* InfoPlist.strings */ = {
			isa = PBXVariantGroup;
			children = (
				E944B4FA19645291008B6B23 /* en */,
			);
			name = InfoPlist.strings;
			sourceTree = "<group>";
		};
		E944B50219645291008B6B23 /* Main_iPhone.storyboard */ = {
			isa = PBXVariantGroup;
			children = (
				E944B50319645291008B6B23 /* Base */,
			);
			name = Main_iPhone.storyboard;
			sourceTree = "<group>";
		};
		E944B50519645291008B6B23 /* Main_iPad.storyboard */ = {
			isa = PBXVariantGroup;
			children = (
				E944B50619645291008B6B23 /* Base */,
			);
			name = Main_iPad.storyboard;
			sourceTree = "<group>";
		};
		E944B51B19645291008B6B23 /* InfoPlist.strings */ = {
			isa = PBXVariantGroup;
			children = (
				E944B51C19645291008B6B23 /* en */,
			);
			name = InfoPlist.strings;
			sourceTree = "<group>";
		};
/* End PBXVariantGroup section */

/* Begin XCBuildConfiguration section */
		E944B52019645291008B6B23 /* Debug */ = {
			isa = XCBuildConfiguration;
			buildSettings = {
				ALWAYS_SEARCH_USER_PATHS = NO;
				CLANG_CXX_LANGUAGE_STANDARD = "gnu++0x";
				CLANG_CXX_LIBRARY = "libc++";
				CLANG_ENABLE_MODULES = YES;
				CLANG_ENABLE_OBJC_ARC = YES;
				CLANG_WARN_BOOL_CONVERSION = YES;
				CLANG_WARN_CONSTANT_CONVERSION = YES;
				CLANG_WARN_DIRECT_OBJC_ISA_USAGE = YES_ERROR;
				CLANG_WARN_EMPTY_BODY = YES;
				CLANG_WARN_ENUM_CONVERSION = YES;
				CLANG_WARN_INT_CONVERSION = YES;
				CLANG_WARN_OBJC_ROOT_CLASS = YES_ERROR;
				CLANG_WARN__DUPLICATE_METHOD_MATCH = YES;
				"CODE_SIGN_IDENTITY[sdk=iphoneos*]" = "iPhone Developer";
				COPY_PHASE_STRIP = NO;
				GCC_C_LANGUAGE_STANDARD = gnu99;
				GCC_DYNAMIC_NO_PIC = NO;
				GCC_OPTIMIZATION_LEVEL = 0;
				GCC_PREPROCESSOR_DEFINITIONS = (
					"DEBUG=1",
					"$(inherited)",
				);
				GCC_SYMBOLS_PRIVATE_EXTERN = NO;
				GCC_WARN_64_TO_32_BIT_CONVERSION = YES;
				GCC_WARN_ABOUT_RETURN_TYPE = YES_ERROR;
				GCC_WARN_UNDECLARED_SELECTOR = YES;
				GCC_WARN_UNINITIALIZED_AUTOS = YES_AGGRESSIVE;
				GCC_WARN_UNUSED_FUNCTION = YES;
				GCC_WARN_UNUSED_VARIABLE = YES;
				IPHONEOS_DEPLOYMENT_TARGET = 6.1;
				ONLY_ACTIVE_ARCH = YES;
				SDKROOT = iphoneos;
				TARGETED_DEVICE_FAMILY = "1,2";
			};
			name = Debug;
		};
		E944B52119645291008B6B23 /* Release */ = {
			isa = XCBuildConfiguration;
			buildSettings = {
				ALWAYS_SEARCH_USER_PATHS = NO;
				CLANG_CXX_LANGUAGE_STANDARD = "gnu++0x";
				CLANG_CXX_LIBRARY = "libc++";
				CLANG_ENABLE_MODULES = YES;
				CLANG_ENABLE_OBJC_ARC = YES;
				CLANG_WARN_BOOL_CONVERSION = YES;
				CLANG_WARN_CONSTANT_CONVERSION = YES;
				CLANG_WARN_DIRECT_OBJC_ISA_USAGE = YES_ERROR;
				CLANG_WARN_EMPTY_BODY = YES;
				CLANG_WARN_ENUM_CONVERSION = YES;
				CLANG_WARN_INT_CONVERSION = YES;
				CLANG_WARN_OBJC_ROOT_CLASS = YES_ERROR;
				CLANG_WARN__DUPLICATE_METHOD_MATCH = YES;
				"CODE_SIGN_IDENTITY[sdk=iphoneos*]" = "iPhone Developer";
				COPY_PHASE_STRIP = YES;
				ENABLE_NS_ASSERTIONS = NO;
				GCC_C_LANGUAGE_STANDARD = gnu99;
				GCC_WARN_64_TO_32_BIT_CONVERSION = YES;
				GCC_WARN_ABOUT_RETURN_TYPE = YES_ERROR;
				GCC_WARN_UNDECLARED_SELECTOR = YES;
				GCC_WARN_UNINITIALIZED_AUTOS = YES_AGGRESSIVE;
				GCC_WARN_UNUSED_FUNCTION = YES;
				GCC_WARN_UNUSED_VARIABLE = YES;
				IPHONEOS_DEPLOYMENT_TARGET = 6.1;
				SDKROOT = iphoneos;
				TARGETED_DEVICE_FAMILY = "1,2";
				VALIDATE_PRODUCT = YES;
			};
			name = Release;
		};
		E944B52319645291008B6B23 /* Debug */ = {
			isa = XCBuildConfiguration;
			buildSettings = {
				ASSETCATALOG_COMPILER_APPICON_NAME = AppIcon;
				ASSETCATALOG_COMPILER_LAUNCHIMAGE_NAME = LaunchImage;
				CODE_SIGN_IDENTITY = "iPhone Developer";
				GCC_PRECOMPILE_PREFIX_HEADER = YES;
				GCC_PREFIX_HEADER = "BT/BT-Prefix.pch";
				INFOPLIST_FILE = "BT/BT-Info.plist";
				IPHONEOS_DEPLOYMENT_TARGET = 6.1;
				LIBRARY_SEARCH_PATHS = (
					"$(inherited)",
					"$(PROJECT_DIR)/EstimoteSDK",
				);
				PRODUCT_NAME = "$(TARGET_NAME)";
				TARGETED_DEVICE_FAMILY = "1,2";
				WRAPPER_EXTENSION = app;
			};
			name = Debug;
		};
		E944B52419645291008B6B23 /* Release */ = {
			isa = XCBuildConfiguration;
			buildSettings = {
				ASSETCATALOG_COMPILER_APPICON_NAME = AppIcon;
				ASSETCATALOG_COMPILER_LAUNCHIMAGE_NAME = LaunchImage;
				CODE_SIGN_IDENTITY = "iPhone Developer";
				GCC_PRECOMPILE_PREFIX_HEADER = YES;
				GCC_PREFIX_HEADER = "BT/BT-Prefix.pch";
				INFOPLIST_FILE = "BT/BT-Info.plist";
				IPHONEOS_DEPLOYMENT_TARGET = 6.1;
				LIBRARY_SEARCH_PATHS = (
					"$(inherited)",
					"$(PROJECT_DIR)/EstimoteSDK",
				);
				PRODUCT_NAME = "$(TARGET_NAME)";
				TARGETED_DEVICE_FAMILY = "1,2";
				WRAPPER_EXTENSION = app;
			};
			name = Release;
		};
		E944B52619645291008B6B23 /* Debug */ = {
			isa = XCBuildConfiguration;
			buildSettings = {
				BUNDLE_LOADER = "$(BUILT_PRODUCTS_DIR)/BT.app/BT";
				FRAMEWORK_SEARCH_PATHS = (
					"$(SDKROOT)/Developer/Library/Frameworks",
					"$(inherited)",
					"$(DEVELOPER_FRAMEWORKS_DIR)",
				);
				GCC_PRECOMPILE_PREFIX_HEADER = YES;
				GCC_PREFIX_HEADER = "BT/BT-Prefix.pch";
				GCC_PREPROCESSOR_DEFINITIONS = (
					"DEBUG=1",
					"$(inherited)",
				);
				INFOPLIST_FILE = "BTTests/BTTests-Info.plist";
				PRODUCT_NAME = "$(TARGET_NAME)";
				TEST_HOST = "$(BUNDLE_LOADER)";
				WRAPPER_EXTENSION = xctest;
			};
			name = Debug;
		};
		E944B52719645291008B6B23 /* Release */ = {
			isa = XCBuildConfiguration;
			buildSettings = {
				BUNDLE_LOADER = "$(BUILT_PRODUCTS_DIR)/BT.app/BT";
				FRAMEWORK_SEARCH_PATHS = (
					"$(SDKROOT)/Developer/Library/Frameworks",
					"$(inherited)",
					"$(DEVELOPER_FRAMEWORKS_DIR)",
				);
				GCC_PRECOMPILE_PREFIX_HEADER = YES;
				GCC_PREFIX_HEADER = "BT/BT-Prefix.pch";
				INFOPLIST_FILE = "BTTests/BTTests-Info.plist";
				PRODUCT_NAME = "$(TARGET_NAME)";
				TEST_HOST = "$(BUNDLE_LOADER)";
				WRAPPER_EXTENSION = xctest;
			};
			name = Release;
		};
/* End XCBuildConfiguration section */

/* Begin XCConfigurationList section */
		E944B4E819645291008B6B23 /* Build configuration list for PBXProject "BT" */ = {
			isa = XCConfigurationList;
			buildConfigurations = (
				E944B52019645291008B6B23 /* Debug */,
				E944B52119645291008B6B23 /* Release */,
			);
			defaultConfigurationIsVisible = 0;
			defaultConfigurationName = Release;
		};
		E944B52219645291008B6B23 /* Build configuration list for PBXNativeTarget "BT" */ = {
			isa = XCConfigurationList;
			buildConfigurations = (
				E944B52319645291008B6B23 /* Debug */,
				E944B52419645291008B6B23 /* Release */,
			);
			defaultConfigurationIsVisible = 0;
			defaultConfigurationName = Release;
		};
		E944B52519645291008B6B23 /* Build configuration list for PBXNativeTarget "BTTests" */ = {
			isa = XCConfigurationList;
			buildConfigurations = (
				E944B52619645291008B6B23 /* Debug */,
				E944B52719645291008B6B23 /* Release */,
			);
			defaultConfigurationIsVisible = 0;
			defaultConfigurationName = Release;
		};
/* End XCConfigurationList section */
	};
	rootObject = E944B4E519645291008B6B23 /* Project object */;
}
